
Microsoft Visual Studio Solution File, Format Version 12.00
# Visual Studio 2017
Project("{FAE04EC0-301F-11D3-BF4B-00C04F79EFBC}") = "SpaceBallsVR", "SpaceBallsVR.csproj", "{33ECCCA9-BC89-EDBE-6E73-61BE86DB76D2}"
EndProject
Project("{FAE04EC0-301F-11D3-BF4B-00C04F79EFBC}") = "SpaceBallsVR.Editor", "SpaceBallsVR.Editor.csproj", "{B3D5DAA7-CB8A-153D-AF2E-0920E08E6A0D}"
EndProject
Global
	GlobalSection(SolutionConfigurationPlatforms) = preSolution
		Debug|Any CPU = Debug|Any CPU
		Release|Any CPU = Release|Any CPU
	EndGlobalSection
	GlobalSection(ProjectConfigurationPlatforms) = postSolution
		{33ECCCA9-BC89-EDBE-6E73-61BE86DB76D2}.Debug|Any CPU.ActiveCfg = Debug|Any CPU
		{33ECCCA9-BC89-EDBE-6E73-61BE86DB76D2}.Debug|Any CPU.Build.0 = Debug|Any CPU
		{33ECCCA9-BC89-EDBE-6E73-61BE86DB76D2}.Release|Any CPU.ActiveCfg = Release|Any CPU
		{33ECCCA9-BC89-EDBE-6E73-61BE86DB76D2}.Release|Any CPU.Build.0 = Release|Any CPU
		{B3D5DAA7-CB8A-153D-AF2E-0920E08E6A0D}.Debug|Any CPU.ActiveCfg = Debug|Any CPU
		{B3D5DAA7-CB8A-153D-AF2E-0920E08E6A0D}.Debug|Any CPU.Build.0 = Debug|Any CPU
		{B3D5DAA7-CB8A-153D-AF2E-0920E08E6A0D}.Release|Any CPU.ActiveCfg = Release|Any CPU
		{B3D5DAA7-CB8A-153D-AF2E-0920E08E6A0D}.Release|Any CPU.Build.0 = Release|Any CPU
	EndGlobalSection
	GlobalSection(SolutionProperties) = preSolution
		HideSolutionNode = FALSE
	EndGlobalSection
EndGlobal
